
Microsoft Visual Studio Solution File, Format Version 12.00
# Visual Studio Version 16
VisualStudioVersion = 16.0.32802.440
MinimumVisualStudioVersion = 10.0.40219.1
Project("{FAE04EC0-301F-11D3-BF4B-00C04F79EFBC}") = "UnityEngine.UI", "UnityEngine.UI.csproj", "{2B8F0633-D5FE-E71F-AC89-4155681EA5E5}"
EndProject
Project("{FAE04EC0-301F-11D3-BF4B-00C04F79EFBC}") = "Unity.RenderPipelines.Core.Runtime", "Unity.RenderPipelines.Core.Runtime.csproj", "{DBD4E755-C8CC-7FCA-D8F9-15CED2687E37}"
EndProject
Project("{FAE04EC0-301F-11D3-BF4B-00C04F79EFBC}") = "UnityEngine.TestRunner", "UnityEngine.TestRunner.csproj", "{D896F3A8-A5DC-6FF0-D476-13B518D1848D}"
EndProject
Project("{FAE04EC0-301F-11D3-BF4B-00C04F79EFBC}") = "Zenject", "Zenject.csproj", "{62A88FCE-1F33-EE78-68AB-931CEF683AE4}"
EndProject
Project("{FAE04EC0-301F-11D3-BF4B-00C04F79EFBC}") = "UniTask", "UniTask.csproj", "{AAFF889E-9B85-9153-E515-2ACE6B03C5E7}"
EndProject
Project("{FAE04EC0-301F-11D3-BF4B-00C04F79EFBC}") = "Assembly-CSharp-firstpass", "Assembly-CSharp-firstpass.csproj", "{F64AEDD1-0D29-E4FA-BE0E-682037E252AF}"
EndProject
Project("{FAE04EC0-301F-11D3-BF4B-00C04F79EFBC}") = "Unity.Services.Core.Telemetry", "Unity.Services.Core.Telemetry.csproj", "{F2BD3C49-46C5-C3C8-BDE7-DA50B6E164D3}"
EndProject
Project("{FAE04EC0-301F-11D3-BF4B-00C04F79EFBC}") = "Unity.VisualScripting.State", "Unity.VisualScripting.State.csproj", "{81C8A4B6-6608-AC10-FA66-9998162DB371}"
EndProject
Project("{FAE04EC0-301F-11D3-BF4B-00C04F79EFBC}") = "Unity.RenderPipelines.Universal.Runtime", "Unity.RenderPipelines.Universal.Runtime.csproj", "{098234A1-E9DE-3449-0B6D-8BBF3FE17097}"
EndProject
Project("{FAE04EC0-301F-11D3-BF4B-00C04F79EFBC}") = "Unity.VisualScripting.Flow", "Unity.VisualScripting.Flow.csproj", "{3D837EA5-A6D0-A417-F78E-FC394EE18580}"
EndProject
Project("{FAE04EC0-301F-11D3-BF4B-00C04F79EFBC}") = "UniTask.Linq", "UniTask.Linq.csproj", "{930D918C-1BBB-613A-C634-87B08371F0AC}"
EndProject
Project("{FAE04EC0-301F-11D3-BF4B-00C04F79EFBC}") = "Unity.VisualScripting.Core", "Unity.VisualScripting.Core.csproj", "{EBA1F7DF-CC67-464A-9252-C7021AB59C45}"
EndProject
Project("{FAE04EC0-301F-11D3-BF4B-00C04F79EFBC}") = "Unity.Services.Core.Environments.Internal", "Unity.Services.Core.Environments.Internal.csproj", "{8D504527-7518-3EE1-728F-9DED6094EEF4}"
EndProject
Project("{FAE04EC0-301F-11D3-BF4B-00C04F79EFBC}") = "UniRx", "UniRx.csproj", "{82B714DE-B690-AB68-D46C-9466168FAF42}"
EndProject
Project("{FAE04EC0-301F-11D3-BF4B-00C04F79EFBC}") = "Unity.TextMeshPro", "Unity.TextMeshPro.csproj", "{31FD7591-6200-4421-5D51-A6ACB470AC3E}"
EndProject
Project("{FAE04EC0-301F-11D3-BF4B-00C04F79EFBC}") = "Unity.Burst", "Unity.Burst.csproj", "{294D3AA9-8117-126E-5ECE-037261D51C78}"
EndProject
Project("{FAE04EC0-301F-11D3-BF4B-00C04F79EFBC}") = "Zenject-IntegrationTests", "Zenject-IntegrationTests.csproj", "{11985E92-B63E-3307-7465-16B261F5D722}"
EndProject
Project("{FAE04EC0-301F-11D3-BF4B-00C04F79EFBC}") = "Unity.RenderPipeline.Universal.ShaderLibrary", "Unity.RenderPipeline.Universal.ShaderLibrary.csproj", "{F0D6F790-4261-533A-DE61-D394390D742D}"
EndProject
Project("{FAE04EC0-301F-11D3-BF4B-00C04F79EFBC}") = "Zenject-IntegrationTests-Editor", "Zenject-IntegrationTests-Editor.csproj", "{D17CBC89-A8C7-4548-0DD5-0A8F91C94DAF}"
EndProject
Project("{FAE04EC0-301F-11D3-BF4B-00C04F79EFBC}") = "Extenject-Async", "Extenject-Async.csproj", "{43BBB010-50EB-D8FC-29C9-2EA2AC9E05B2}"
EndProject
Project("{FAE04EC0-301F-11D3-BF4B-00C04F79EFBC}") = "Unity.Services.Core.Environments", "Unity.Services.Core.Environments.csproj", "{091B27B6-7026-4928-61AD-8EA459B492AC}"
EndProject
Project("{FAE04EC0-301F-11D3-BF4B-00C04F79EFBC}") = "Unity.Services.Core.Internal", "Unity.Services.Core.Internal.csproj", "{D0AD11C8-F426-7899-F618-8C433B03ED70}"
EndProject
Project("{FAE04EC0-301F-11D3-BF4B-00C04F79EFBC}") = "Unity.Timeline", "Unity.Timeline.csproj", "{E9CFBBD4-4E30-0030-C127-41908CB4313E}"
EndProject
Project("{FAE04EC0-301F-11D3-BF4B-00C04F79EFBC}") = "Unity.Mathematics", "Unity.Mathematics.csproj", "{14CAB94F-776A-91A4-65EE-71483A7245CB}"
EndProject
Project("{FAE04EC0-301F-11D3-BF4B-00C04F79EFBC}") = "UniTask.DOTween", "UniTask.DOTween.csproj", "{9D7EBD02-B2C2-2217-62A3-2018038334C9}"
EndProject
Project("{FAE04EC0-301F-11D3-BF4B-00C04F79EFBC}") = "Unity.Services.Core.Scheduler", "Unity.Services.Core.Scheduler.csproj", "{5B5443B5-E126-29CC-BD60-BC01A34542F9}"
EndProject
Project("{FAE04EC0-301F-11D3-BF4B-00C04F79EFBC}") = "Zenject-TestFramework", "Zenject-TestFramework.csproj", "{B679DD3D-5B12-852D-24E2-C2D1CC6DA9DF}"
EndProject
Project("{FAE04EC0-301F-11D3-BF4B-00C04F79EFBC}") = "Unity.Services.Core.Device", "Unity.Services.Core.Device.csproj", "{430972DE-A9AF-08ED-7E65-85BEA571F654}"
EndProject
Project("{FAE04EC0-301F-11D3-BF4B-00C04F79EFBC}") = "LD51Scripts", "LD51Scripts.csproj", "{9AF1D599-56A0-67A9-8F3B-630E85C6D2CF}"
EndProject
Project("{FAE04EC0-301F-11D3-BF4B-00C04F79EFBC}") = "SerializationSaver.Runtime", "SerializationSaver.Runtime.csproj", "{55FD4410-8D9D-5A06-CAEF-FFD0C8A603F7}"
EndProject
Project("{FAE04EC0-301F-11D3-BF4B-00C04F79EFBC}") = "Unity.Services.Core.Analytics", "Unity.Services.Core.Analytics.csproj", "{E1D476BD-9FF1-7F77-EE81-565F1C7C98B1}"
EndProject
Project("{FAE04EC0-301F-11D3-BF4B-00C04F79EFBC}") = "DOTween.Modules", "DOTween.Modules.csproj", "{DA270BD4-8FAE-6E03-5183-40CA0C76A52B}"
EndProject
Project("{FAE04EC0-301F-11D3-BF4B-00C04F79EFBC}") = "UniRx.Examples", "UniRx.Examples.csproj", "{E574BC8B-004D-F4D0-ECFB-68C91AC1444A}"
EndProject
Project("{FAE04EC0-301F-11D3-BF4B-00C04F79EFBC}") = "Unity.Services.Core.Threading", "Unity.Services.Core.Threading.csproj", "{D0BA61C8-958B-D62B-61D6-5C014C38A643}"
EndProject
Project("{FAE04EC0-301F-11D3-BF4B-00C04F79EFBC}") = "Unity.Services.Core.Configuration", "Unity.Services.Core.Configuration.csproj", "{52004095-1C39-4784-265F-CAA34B52CC7D}"
EndProject
Project("{FAE04EC0-301F-11D3-BF4B-00C04F79EFBC}") = "Unity.Services.Core", "Unity.Services.Core.csproj", "{F20A1405-D8EC-5F40-4EF3-98E96EFFC76D}"
EndProject
Project("{FAE04EC0-301F-11D3-BF4B-00C04F79EFBC}") = "Unity.Services.Core.Networking", "Unity.Services.Core.Networking.csproj", "{46097ABD-DCF1-2340-AB9D-E673877F7DA5}"
EndProject
Project("{FAE04EC0-301F-11D3-BF4B-00C04F79EFBC}") = "Unity.Services.Core.Registration", "Unity.Services.Core.Registration.csproj", "{CDF0DCBB-0997-EC8B-AB57-AA3C2E6CE8FC}"
EndProject
Project("{FAE04EC0-301F-11D3-BF4B-00C04F79EFBC}") = "Extenject-Addressable-Tests", "Extenject-Addressable-Tests.csproj", "{0B32D449-55ED-31FF-ABA1-0DC5BC826B0B}"
EndProject
Project("{FAE04EC0-301F-11D3-BF4B-00C04F79EFBC}") = "ObjectPooler.Runtime", "ObjectPooler.Runtime.csproj", "{DC7C6854-2831-65A2-F9AC-B2DC1AF2D124}"
EndProject
Project("{FAE04EC0-301F-11D3-BF4B-00C04F79EFBC}") = "UniTask.Addressables", "UniTask.Addressables.csproj", "{353B51D0-C3BA-6912-3074-E7014ABB447D}"
EndProject
Project("{FAE04EC0-301F-11D3-BF4B-00C04F79EFBC}") = "Unity.RenderPipelines.ShaderGraph.ShaderGraphLibrary", "Unity.RenderPipelines.ShaderGraph.ShaderGraphLibrary.csproj", "{A0840462-6DEE-3A34-5DE8-EB2DDE1DE4B2}"
EndProject
Project("{FAE04EC0-301F-11D3-BF4B-00C04F79EFBC}") = "Unity.RenderPipelines.Core.ShaderLibrary", "Unity.RenderPipelines.Core.ShaderLibrary.csproj", "{54413688-4DE7-BBA1-B674-56410CFF566E}"
EndProject
Project("{FAE04EC0-301F-11D3-BF4B-00C04F79EFBC}") = "UniTask.TextMeshPro", "UniTask.TextMeshPro.csproj", "{E9FAA588-1C12-7D29-A2D5-DB21C456C72A}"
EndProject
Project("{FAE04EC0-301F-11D3-BF4B-00C04F79EFBC}") = "Async.Tests", "Async.Tests.csproj", "{36E18861-0A84-1C29-A14D-5A73AEB6F1C6}"
EndProject
Project("{FAE04EC0-301F-11D3-BF4B-00C04F79EFBC}") = "Unity.RenderPipelines.Universal.Shaders", "Unity.RenderPipelines.Universal.Shaders.csproj", "{024DCD70-06DA-100F-5442-ADBB2277D43D}"
EndProject
Project("{FAE04EC0-301F-11D3-BF4B-00C04F79EFBC}") = "CustomSerialized", "CustomSerialized.csproj", "{614F31F1-52D2-6C1E-B8C6-19286165FB7A}"
EndProject
Project("{FAE04EC0-301F-11D3-BF4B-00C04F79EFBC}") = "TextData.Editor", "TextData.Editor.csproj", "{7F5DD03D-5745-E0D9-169C-2CB8474AD25F}"
EndProject
Project("{FAE04EC0-301F-11D3-BF4B-00C04F79EFBC}") = "TextDataAssembly", "TextDataAssembly.csproj", "{068363BE-949A-834A-4483-05D451E94234}"
EndProject
Project("{FAE04EC0-301F-11D3-BF4B-00C04F79EFBC}") = "Unity.Postprocessing.Runtime", "Unity.Postprocessing.Runtime.csproj", "{6C2815D2-02F1-3BC5-106D-11217FC05966}"
EndProject
Project("{FAE04EC0-301F-11D3-BF4B-00C04F79EFBC}") = "Unity.PlasticSCM.Editor", "Unity.PlasticSCM.Editor.csproj", "{9B350427-4B0F-5897-CD78-F794C47F7275}"
EndProject
Project("{FAE04EC0-301F-11D3-BF4B-00C04F79EFBC}") = "Unity.VisualScripting.Core.Editor", "Unity.VisualScripting.Core.Editor.csproj", "{85705A1C-A2B6-0FAC-B246-11826E83FB24}"
EndProject
Project("{FAE04EC0-301F-11D3-BF4B-00C04F79EFBC}") = "Unity.ShaderGraph.Editor", "Unity.ShaderGraph.Editor.csproj", "{477E29AF-8EF4-5EAF-5223-5736F2098CFA}"
EndProject
Project("{FAE04EC0-301F-11D3-BF4B-00C04F79EFBC}") = "Zenject-PoolMonitor-Editor", "Zenject-PoolMonitor-Editor.csproj", "{4D178ED3-A6AE-222B-62F0-7486F04B9376}"
EndProject
Project("{FAE04EC0-301F-11D3-BF4B-00C04F79EFBC}") = "Unity.Timeline.Editor", "Unity.Timeline.Editor.csproj", "{F25616EA-D46D-312E-F2EB-E6FC9CDBCF37}"
EndProject
Project("{FAE04EC0-301F-11D3-BF4B-00C04F79EFBC}") = "Zenject-UnitTests-Editor", "Zenject-UnitTests-Editor.csproj", "{2F5CAA43-C60D-674F-BE60-0145947FA05E}"
EndProject
Project("{FAE04EC0-301F-11D3-BF4B-00C04F79EFBC}") = "Unity.RenderPipelines.Universal.Editor", "Unity.RenderPipelines.Universal.Editor.csproj", "{7922AFCE-4785-D5C6-1058-C23B5DBE988E}"
EndProject
Project("{FAE04EC0-301F-11D3-BF4B-00C04F79EFBC}") = "Unity.TextMeshPro.Editor", "Unity.TextMeshPro.Editor.csproj", "{509B298F-16E6-7BA8-EEE6-27126D7EC3F0}"
EndProject
Project("{FAE04EC0-301F-11D3-BF4B-00C04F79EFBC}") = "Unity.VisualScripting.SettingsProvider.Editor", "Unity.VisualScripting.SettingsProvider.Editor.csproj", "{2D4B2768-8C15-074D-0A49-5DC86F570E73}"
EndProject
Project("{FAE04EC0-301F-11D3-BF4B-00C04F79EFBC}") = "UnityEditor.TestRunner", "UnityEditor.TestRunner.csproj", "{9A1E6620-077A-19BD-9202-23D7EEF5C93B}"
EndProject
Project("{FAE04EC0-301F-11D3-BF4B-00C04F79EFBC}") = "Unity.VisualScripting.Flow.Editor", "Unity.VisualScripting.Flow.Editor.csproj", "{D70033FE-8E76-02A9-3AF8-63E9836DFC24}"
EndProject
Project("{FAE04EC0-301F-11D3-BF4B-00C04F79EFBC}") = "Unity.Rider.Editor", "Unity.Rider.Editor.csproj", "{8A89AA7B-7246-CB3C-E140-0B77C06481BA}"
EndProject
Project("{FAE04EC0-301F-11D3-BF4B-00C04F79EFBC}") = "Unity.CollabProxy.Editor", "Unity.CollabProxy.Editor.csproj", "{C08D9571-CE0B-EA03-D45F-01CBE3B2F287}"
EndProject
Project("{FAE04EC0-301F-11D3-BF4B-00C04F79EFBC}") = "Unity.RenderPipelines.Core.Editor", "Unity.RenderPipelines.Core.Editor.csproj", "{B2E89AC5-F0F8-2C3B-3745-D52B958CF505}"
EndProject
Project("{FAE04EC0-301F-11D3-BF4B-00C04F79EFBC}") = "Unity.Services.Core.Editor", "Unity.Services.Core.Editor.csproj", "{A42D5CC6-500A-5B12-73B4-DD82AD9EEB60}"
EndProject
Project("{FAE04EC0-301F-11D3-BF4B-00C04F79EFBC}") = "Unity.Burst.CodeGen", "Unity.Burst.CodeGen.csproj", "{226B1B54-4329-B785-2DAF-5BFA07ABD679}"
EndProject
Project("{FAE04EC0-301F-11D3-BF4B-00C04F79EFBC}") = "Unity.VSCode.Editor", "Unity.VSCode.Editor.csproj", "{6A9C7887-D708-2230-CD84-41EF4004F97A}"
EndProject
Project("{FAE04EC0-301F-11D3-BF4B-00C04F79EFBC}") = "Unity.VisualStudio.Editor", "Unity.VisualStudio.Editor.csproj", "{73AFEE25-6A67-B6AC-2AF7-4F5A9AF6F500}"
EndProject
Project("{FAE04EC0-301F-11D3-BF4B-00C04F79EFBC}") = "PPv2URPConverters", "PPv2URPConverters.csproj", "{A341BF20-3CBC-EABA-02CC-26D82FAEB330}"
EndProject
Project("{FAE04EC0-301F-11D3-BF4B-00C04F79EFBC}") = "Zenject-Editor", "Zenject-Editor.csproj", "{AA63E081-5089-C0A3-74DC-A89AC3E82C96}"
EndProject
Project("{FAE04EC0-301F-11D3-BF4B-00C04F79EFBC}") = "Unity.VisualScripting.State.Editor", "Unity.VisualScripting.State.Editor.csproj", "{F1D90908-D489-1955-2642-AD9D9B9C99A6}"
EndProject
Project("{FAE04EC0-301F-11D3-BF4B-00C04F79EFBC}") = "UnityEditor.UI", "UnityEditor.UI.csproj", "{E10132F4-09F4-001F-8DAA-3CF021F80E8D}"
EndProject
Project("{FAE04EC0-301F-11D3-BF4B-00C04F79EFBC}") = "Unity.Searcher.Editor", "Unity.Searcher.Editor.csproj", "{FE3FE851-476E-42A6-01CB-E4662B99C87A}"
EndProject
Project("{FAE04EC0-301F-11D3-BF4B-00C04F79EFBC}") = "Unity.Services.Core.Configuration.Editor", "Unity.Services.Core.Configuration.Editor.csproj", "{3285BD25-005F-B913-A3DB-C78DBD9FBA28}"
EndProject
Project("{FAE04EC0-301F-11D3-BF4B-00C04F79EFBC}") = "Unity.Burst.Editor", "Unity.Burst.Editor.csproj", "{F90A69A2-F099-97D7-1A6D-2F77107C1415}"
EndProject
Project("{FAE04EC0-301F-11D3-BF4B-00C04F79EFBC}") = "UniTask.Editor", "UniTask.Editor.csproj", "{1C9C7672-1233-2A0E-E2C2-49A127105170}"
EndProject
Project("{FAE04EC0-301F-11D3-BF4B-00C04F79EFBC}") = "Zenject-ReflectionBaking-Editor", "Zenject-ReflectionBaking-Editor.csproj", "{6224A042-7025-CCB0-0DDC-6DF97E12D687}"
EndProject
Project("{FAE04EC0-301F-11D3-BF4B-00C04F79EFBC}") = "Unity.ShaderGraph.Utilities", "Unity.ShaderGraph.Utilities.csproj", "{4AB9FF06-7561-94A6-8441-94DD1A0116E3}"
EndProject
Project("{FAE04EC0-301F-11D3-BF4B-00C04F79EFBC}") = "Zenject-EditorTests", "Zenject-EditorTests.csproj", "{2D8788DA-DB19-A2A6-34CF-7DBCC2A3C93E}"
EndProject
Project("{FAE04EC0-301F-11D3-BF4B-00C04F79EFBC}") = "Unity.Mathematics.Editor", "Unity.Mathematics.Editor.csproj", "{E40A6831-C40A-6430-E86C-7C5822CA59EB}"
EndProject
Project("{FAE04EC0-301F-11D3-BF4B-00C04F79EFBC}") = "Unity.VisualScripting.Shared.Editor", "Unity.VisualScripting.Shared.Editor.csproj", "{9983B373-39DF-EB09-B0D4-EA3057D89E54}"
EndProject
Project("{FAE04EC0-301F-11D3-BF4B-00C04F79EFBC}") = "Unity.Postprocessing.Editor", "Unity.Postprocessing.Editor.csproj", "{FDB96F2C-036B-9CDE-6FA4-F4F423B7DD17}"
EndProject
Global
	GlobalSection(SolutionConfigurationPlatforms) = preSolution
		Debug|Any CPU = Debug|Any CPU
		Release|Any CPU = Release|Any CPU
	EndGlobalSection
	GlobalSection(ProjectConfigurationPlatforms) = postSolution
		{2B8F0633-D5FE-E71F-AC89-4155681EA5E5}.Debug|Any CPU.ActiveCfg = Debug|Any CPU
		{2B8F0633-D5FE-E71F-AC89-4155681EA5E5}.Debug|Any CPU.Build.0 = Debug|Any CPU
		{2B8F0633-D5FE-E71F-AC89-4155681EA5E5}.Release|Any CPU.ActiveCfg = Release|Any CPU
		{2B8F0633-D5FE-E71F-AC89-4155681EA5E5}.Release|Any CPU.Build.0 = Release|Any CPU
		{DBD4E755-C8CC-7FCA-D8F9-15CED2687E37}.Debug|Any CPU.ActiveCfg = Debug|Any CPU
		{DBD4E755-C8CC-7FCA-D8F9-15CED2687E37}.Debug|Any CPU.Build.0 = Debug|Any CPU
		{DBD4E755-C8CC-7FCA-D8F9-15CED2687E37}.Release|Any CPU.ActiveCfg = Release|Any CPU
		{DBD4E755-C8CC-7FCA-D8F9-15CED2687E37}.Release|Any CPU.Build.0 = Release|Any CPU
		{D896F3A8-A5DC-6FF0-D476-13B518D1848D}.Debug|Any CPU.ActiveCfg = Debug|Any CPU
		{D896F3A8-A5DC-6FF0-D476-13B518D1848D}.Debug|Any CPU.Build.0 = Debug|Any CPU
		{D896F3A8-A5DC-6FF0-D476-13B518D1848D}.Release|Any CPU.ActiveCfg = Release|Any CPU
		{D896F3A8-A5DC-6FF0-D476-13B518D1848D}.Release|Any CPU.Build.0 = Release|Any CPU
		{62A88FCE-1F33-EE78-68AB-931CEF683AE4}.Debug|Any CPU.ActiveCfg = Debug|Any CPU
		{62A88FCE-1F33-EE78-68AB-931CEF683AE4}.Debug|Any CPU.Build.0 = Debug|Any CPU
		{62A88FCE-1F33-EE78-68AB-931CEF683AE4}.Release|Any CPU.ActiveCfg = Release|Any CPU
		{62A88FCE-1F33-EE78-68AB-931CEF683AE4}.Release|Any CPU.Build.0 = Release|Any CPU
		{AAFF889E-9B85-9153-E515-2ACE6B03C5E7}.Debug|Any CPU.ActiveCfg = Debug|Any CPU
		{AAFF889E-9B85-9153-E515-2ACE6B03C5E7}.Debug|Any CPU.Build.0 = Debug|Any CPU
		{AAFF889E-9B85-9153-E515-2ACE6B03C5E7}.Release|Any CPU.ActiveCfg = Release|Any CPU
		{AAFF889E-9B85-9153-E515-2ACE6B03C5E7}.Release|Any CPU.Build.0 = Release|Any CPU
		{F64AEDD1-0D29-E4FA-BE0E-682037E252AF}.Debug|Any CPU.ActiveCfg = Debug|Any CPU
		{F64AEDD1-0D29-E4FA-BE0E-682037E252AF}.Debug|Any CPU.Build.0 = Debug|Any CPU
		{F64AEDD1-0D29-E4FA-BE0E-682037E252AF}.Release|Any CPU.ActiveCfg = Release|Any CPU
		{F64AEDD1-0D29-E4FA-BE0E-682037E252AF}.Release|Any CPU.Build.0 = Release|Any CPU
		{F2BD3C49-46C5-C3C8-BDE7-DA50B6E164D3}.Debug|Any CPU.ActiveCfg = Debug|Any CPU
		{F2BD3C49-46C5-C3C8-BDE7-DA50B6E164D3}.Debug|Any CPU.Build.0 = Debug|Any CPU
		{F2BD3C49-46C5-C3C8-BDE7-DA50B6E164D3}.Release|Any CPU.ActiveCfg = Release|Any CPU
		{F2BD3C49-46C5-C3C8-BDE7-DA50B6E164D3}.Release|Any CPU.Build.0 = Release|Any CPU
		{81C8A4B6-6608-AC10-FA66-9998162DB371}.Debug|Any CPU.ActiveCfg = Debug|Any CPU
		{81C8A4B6-6608-AC10-FA66-9998162DB371}.Debug|Any CPU.Build.0 = Debug|Any CPU
		{81C8A4B6-6608-AC10-FA66-9998162DB371}.Release|Any CPU.ActiveCfg = Release|Any CPU
		{81C8A4B6-6608-AC10-FA66-9998162DB371}.Release|Any CPU.Build.0 = Release|Any CPU
		{098234A1-E9DE-3449-0B6D-8BBF3FE17097}.Debug|Any CPU.ActiveCfg = Debug|Any CPU
		{098234A1-E9DE-3449-0B6D-8BBF3FE17097}.Debug|Any CPU.Build.0 = Debug|Any CPU
		{098234A1-E9DE-3449-0B6D-8BBF3FE17097}.Release|Any CPU.ActiveCfg = Release|Any CPU
		{098234A1-E9DE-3449-0B6D-8BBF3FE17097}.Release|Any CPU.Build.0 = Release|Any CPU
		{3D837EA5-A6D0-A417-F78E-FC394EE18580}.Debug|Any CPU.ActiveCfg = Debug|Any CPU
		{3D837EA5-A6D0-A417-F78E-FC394EE18580}.Debug|Any CPU.Build.0 = Debug|Any CPU
		{3D837EA5-A6D0-A417-F78E-FC394EE18580}.Release|Any CPU.ActiveCfg = Release|Any CPU
		{3D837EA5-A6D0-A417-F78E-FC394EE18580}.Release|Any CPU.Build.0 = Release|Any CPU
		{930D918C-1BBB-613A-C634-87B08371F0AC}.Debug|Any CPU.ActiveCfg = Debug|Any CPU
		{930D918C-1BBB-613A-C634-87B08371F0AC}.Debug|Any CPU.Build.0 = Debug|Any CPU
		{930D918C-1BBB-613A-C634-87B08371F0AC}.Release|Any CPU.ActiveCfg = Release|Any CPU
		{930D918C-1BBB-613A-C634-87B08371F0AC}.Release|Any CPU.Build.0 = Release|Any CPU
		{EBA1F7DF-CC67-464A-9252-C7021AB59C45}.Debug|Any CPU.ActiveCfg = Debug|Any CPU
		{EBA1F7DF-CC67-464A-9252-C7021AB59C45}.Debug|Any CPU.Build.0 = Debug|Any CPU
		{EBA1F7DF-CC67-464A-9252-C7021AB59C45}.Release|Any CPU.ActiveCfg = Release|Any CPU
		{EBA1F7DF-CC67-464A-9252-C7021AB59C45}.Release|Any CPU.Build.0 = Release|Any CPU
		{8D504527-7518-3EE1-728F-9DED6094EEF4}.Debug|Any CPU.ActiveCfg = Debug|Any CPU
		{8D504527-7518-3EE1-728F-9DED6094EEF4}.Debug|Any CPU.Build.0 = Debug|Any CPU
		{8D504527-7518-3EE1-728F-9DED6094EEF4}.Release|Any CPU.ActiveCfg = Release|Any CPU
		{8D504527-7518-3EE1-728F-9DED6094EEF4}.Release|Any CPU.Build.0 = Release|Any CPU
		{82B714DE-B690-AB68-D46C-9466168FAF42}.Debug|Any CPU.ActiveCfg = Debug|Any CPU
		{82B714DE-B690-AB68-D46C-9466168FAF42}.Debug|Any CPU.Build.0 = Debug|Any CPU
		{82B714DE-B690-AB68-D46C-9466168FAF42}.Release|Any CPU.ActiveCfg = Release|Any CPU
		{82B714DE-B690-AB68-D46C-9466168FAF42}.Release|Any CPU.Build.0 = Release|Any CPU
		{31FD7591-6200-4421-5D51-A6ACB470AC3E}.Debug|Any CPU.ActiveCfg = Debug|Any CPU
		{31FD7591-6200-4421-5D51-A6ACB470AC3E}.Debug|Any CPU.Build.0 = Debug|Any CPU
		{31FD7591-6200-4421-5D51-A6ACB470AC3E}.Release|Any CPU.ActiveCfg = Release|Any CPU
		{31FD7591-6200-4421-5D51-A6ACB470AC3E}.Release|Any CPU.Build.0 = Release|Any CPU
		{294D3AA9-8117-126E-5ECE-037261D51C78}.Debug|Any CPU.ActiveCfg = Debug|Any CPU
		{294D3AA9-8117-126E-5ECE-037261D51C78}.Debug|Any CPU.Build.0 = Debug|Any CPU
		{294D3AA9-8117-126E-5ECE-037261D51C78}.Release|Any CPU.ActiveCfg = Release|Any CPU
		{294D3AA9-8117-126E-5ECE-037261D51C78}.Release|Any CPU.Build.0 = Release|Any CPU
		{11985E92-B63E-3307-7465-16B261F5D722}.Debug|Any CPU.ActiveCfg = Debug|Any CPU
		{11985E92-B63E-3307-7465-16B261F5D722}.Debug|Any CPU.Build.0 = Debug|Any CPU
		{11985E92-B63E-3307-7465-16B261F5D722}.Release|Any CPU.ActiveCfg = Release|Any CPU
		{11985E92-B63E-3307-7465-16B261F5D722}.Release|Any CPU.Build.0 = Release|Any CPU
		{F0D6F790-4261-533A-DE61-D394390D742D}.Debug|Any CPU.ActiveCfg = Debug|Any CPU
		{F0D6F790-4261-533A-DE61-D394390D742D}.Debug|Any CPU.Build.0 = Debug|Any CPU
		{F0D6F790-4261-533A-DE61-D394390D742D}.Release|Any CPU.ActiveCfg = Release|Any CPU
		{F0D6F790-4261-533A-DE61-D394390D742D}.Release|Any CPU.Build.0 = Release|Any CPU
		{D17CBC89-A8C7-4548-0DD5-0A8F91C94DAF}.Debug|Any CPU.ActiveCfg = Debug|Any CPU
		{D17CBC89-A8C7-4548-0DD5-0A8F91C94DAF}.Debug|Any CPU.Build.0 = Debug|Any CPU
		{D17CBC89-A8C7-4548-0DD5-0A8F91C94DAF}.Release|Any CPU.ActiveCfg = Release|Any CPU
		{D17CBC89-A8C7-4548-0DD5-0A8F91C94DAF}.Release|Any CPU.Build.0 = Release|Any CPU
		{43BBB010-50EB-D8FC-29C9-2EA2AC9E05B2}.Debug|Any CPU.ActiveCfg = Debug|Any CPU
		{43BBB010-50EB-D8FC-29C9-2EA2AC9E05B2}.Debug|Any CPU.Build.0 = Debug|Any CPU
		{43BBB010-50EB-D8FC-29C9-2EA2AC9E05B2}.Release|Any CPU.ActiveCfg = Release|Any CPU
		{43BBB010-50EB-D8FC-29C9-2EA2AC9E05B2}.Release|Any CPU.Build.0 = Release|Any CPU
		{091B27B6-7026-4928-61AD-8EA459B492AC}.Debug|Any CPU.ActiveCfg = Debug|Any CPU
		{091B27B6-7026-4928-61AD-8EA459B492AC}.Debug|Any CPU.Build.0 = Debug|Any CPU
		{091B27B6-7026-4928-61AD-8EA459B492AC}.Release|Any CPU.ActiveCfg = Release|Any CPU
		{091B27B6-7026-4928-61AD-8EA459B492AC}.Release|Any CPU.Build.0 = Release|Any CPU
		{D0AD11C8-F426-7899-F618-8C433B03ED70}.Debug|Any CPU.ActiveCfg = Debug|Any CPU
		{D0AD11C8-F426-7899-F618-8C433B03ED70}.Debug|Any CPU.Build.0 = Debug|Any CPU
		{D0AD11C8-F426-7899-F618-8C433B03ED70}.Release|Any CPU.ActiveCfg = Release|Any CPU
		{D0AD11C8-F426-7899-F618-8C433B03ED70}.Release|Any CPU.Build.0 = Release|Any CPU
		{E9CFBBD4-4E30-0030-C127-41908CB4313E}.Debug|Any CPU.ActiveCfg = Debug|Any CPU
		{E9CFBBD4-4E30-0030-C127-41908CB4313E}.Debug|Any CPU.Build.0 = Debug|Any CPU
		{E9CFBBD4-4E30-0030-C127-41908CB4313E}.Release|Any CPU.ActiveCfg = Release|Any CPU
		{E9CFBBD4-4E30-0030-C127-41908CB4313E}.Release|Any CPU.Build.0 = Release|Any CPU
		{14CAB94F-776A-91A4-65EE-71483A7245CB}.Debug|Any CPU.ActiveCfg = Debug|Any CPU
		{14CAB94F-776A-91A4-65EE-71483A7245CB}.Debug|Any CPU.Build.0 = Debug|Any CPU
		{14CAB94F-776A-91A4-65EE-71483A7245CB}.Release|Any CPU.ActiveCfg = Release|Any CPU
		{14CAB94F-776A-91A4-65EE-71483A7245CB}.Release|Any CPU.Build.0 = Release|Any CPU
		{9D7EBD02-B2C2-2217-62A3-2018038334C9}.Debug|Any CPU.ActiveCfg = Debug|Any CPU
		{9D7EBD02-B2C2-2217-62A3-2018038334C9}.Debug|Any CPU.Build.0 = Debug|Any CPU
		{9D7EBD02-B2C2-2217-62A3-2018038334C9}.Release|Any CPU.ActiveCfg = Release|Any CPU
		{9D7EBD02-B2C2-2217-62A3-2018038334C9}.Release|Any CPU.Build.0 = Release|Any CPU
		{5B5443B5-E126-29CC-BD60-BC01A34542F9}.Debug|Any CPU.ActiveCfg = Debug|Any CPU
		{5B5443B5-E126-29CC-BD60-BC01A34542F9}.Debug|Any CPU.Build.0 = Debug|Any CPU
		{5B5443B5-E126-29CC-BD60-BC01A34542F9}.Release|Any CPU.ActiveCfg = Release|Any CPU
		{5B5443B5-E126-29CC-BD60-BC01A34542F9}.Release|Any CPU.Build.0 = Release|Any CPU
		{B679DD3D-5B12-852D-24E2-C2D1CC6DA9DF}.Debug|Any CPU.ActiveCfg = Debug|Any CPU
		{B679DD3D-5B12-852D-24E2-C2D1CC6DA9DF}.Debug|Any CPU.Build.0 = Debug|Any CPU
		{B679DD3D-5B12-852D-24E2-C2D1CC6DA9DF}.Release|Any CPU.ActiveCfg = Release|Any CPU
		{B679DD3D-5B12-852D-24E2-C2D1CC6DA9DF}.Release|Any CPU.Build.0 = Release|Any CPU
		{430972DE-A9AF-08ED-7E65-85BEA571F654}.Debug|Any CPU.ActiveCfg = Debug|Any CPU
		{430972DE-A9AF-08ED-7E65-85BEA571F654}.Debug|Any CPU.Build.0 = Debug|Any CPU
		{430972DE-A9AF-08ED-7E65-85BEA571F654}.Release|Any CPU.ActiveCfg = Release|Any CPU
		{430972DE-A9AF-08ED-7E65-85BEA571F654}.Release|Any CPU.Build.0 = Release|Any CPU
		{9AF1D599-56A0-67A9-8F3B-630E85C6D2CF}.Debug|Any CPU.ActiveCfg = Debug|Any CPU
		{9AF1D599-56A0-67A9-8F3B-630E85C6D2CF}.Debug|Any CPU.Build.0 = Debug|Any CPU
		{9AF1D599-56A0-67A9-8F3B-630E85C6D2CF}.Release|Any CPU.ActiveCfg = Release|Any CPU
		{9AF1D599-56A0-67A9-8F3B-630E85C6D2CF}.Release|Any CPU.Build.0 = Release|Any CPU
		{55FD4410-8D9D-5A06-CAEF-FFD0C8A603F7}.Debug|Any CPU.ActiveCfg = Debug|Any CPU
		{55FD4410-8D9D-5A06-CAEF-FFD0C8A603F7}.Debug|Any CPU.Build.0 = Debug|Any CPU
		{55FD4410-8D9D-5A06-CAEF-FFD0C8A603F7}.Release|Any CPU.ActiveCfg = Release|Any CPU
		{55FD4410-8D9D-5A06-CAEF-FFD0C8A603F7}.Release|Any CPU.Build.0 = Release|Any CPU
		{E1D476BD-9FF1-7F77-EE81-565F1C7C98B1}.Debug|Any CPU.ActiveCfg = Debug|Any CPU
		{E1D476BD-9FF1-7F77-EE81-565F1C7C98B1}.Debug|Any CPU.Build.0 = Debug|Any CPU
		{E1D476BD-9FF1-7F77-EE81-565F1C7C98B1}.Release|Any CPU.ActiveCfg = Release|Any CPU
		{E1D476BD-9FF1-7F77-EE81-565F1C7C98B1}.Release|Any CPU.Build.0 = Release|Any CPU
		{DA270BD4-8FAE-6E03-5183-40CA0C76A52B}.Debug|Any CPU.ActiveCfg = Debug|Any CPU
		{DA270BD4-8FAE-6E03-5183-40CA0C76A52B}.Debug|Any CPU.Build.0 = Debug|Any CPU
		{DA270BD4-8FAE-6E03-5183-40CA0C76A52B}.Release|Any CPU.ActiveCfg = Release|Any CPU
		{DA270BD4-8FAE-6E03-5183-40CA0C76A52B}.Release|Any CPU.Build.0 = Release|Any CPU
		{E574BC8B-004D-F4D0-ECFB-68C91AC1444A}.Debug|Any CPU.ActiveCfg = Debug|Any CPU
		{E574BC8B-004D-F4D0-ECFB-68C91AC1444A}.Debug|Any CPU.Build.0 = Debug|Any CPU
		{E574BC8B-004D-F4D0-ECFB-68C91AC1444A}.Release|Any CPU.ActiveCfg = Release|Any CPU
		{E574BC8B-004D-F4D0-ECFB-68C91AC1444A}.Release|Any CPU.Build.0 = Release|Any CPU
		{D0BA61C8-958B-D62B-61D6-5C014C38A643}.Debug|Any CPU.ActiveCfg = Debug|Any CPU
		{D0BA61C8-958B-D62B-61D6-5C014C38A643}.Debug|Any CPU.Build.0 = Debug|Any CPU
		{D0BA61C8-958B-D62B-61D6-5C014C38A643}.Release|Any CPU.ActiveCfg = Release|Any CPU
		{D0BA61C8-958B-D62B-61D6-5C014C38A643}.Release|Any CPU.Build.0 = Release|Any CPU
		{52004095-1C39-4784-265F-CAA34B52CC7D}.Debug|Any CPU.ActiveCfg = Debug|Any CPU
		{52004095-1C39-4784-265F-CAA34B52CC7D}.Debug|Any CPU.Build.0 = Debug|Any CPU
		{52004095-1C39-4784-265F-CAA34B52CC7D}.Release|Any CPU.ActiveCfg = Release|Any CPU
		{52004095-1C39-4784-265F-CAA34B52CC7D}.Release|Any CPU.Build.0 = Release|Any CPU
		{F20A1405-D8EC-5F40-4EF3-98E96EFFC76D}.Debug|Any CPU.ActiveCfg = Debug|Any CPU
		{F20A1405-D8EC-5F40-4EF3-98E96EFFC76D}.Debug|Any CPU.Build.0 = Debug|Any CPU
		{F20A1405-D8EC-5F40-4EF3-98E96EFFC76D}.Release|Any CPU.ActiveCfg = Release|Any CPU
		{F20A1405-D8EC-5F40-4EF3-98E96EFFC76D}.Release|Any CPU.Build.0 = Release|Any CPU
		{46097ABD-DCF1-2340-AB9D-E673877F7DA5}.Debug|Any CPU.ActiveCfg = Debug|Any CPU
		{46097ABD-DCF1-2340-AB9D-E673877F7DA5}.Debug|Any CPU.Build.0 = Debug|Any CPU
		{46097ABD-DCF1-2340-AB9D-E673877F7DA5}.Release|Any CPU.ActiveCfg = Release|Any CPU
		{46097ABD-DCF1-2340-AB9D-E673877F7DA5}.Release|Any CPU.Build.0 = Release|Any CPU
		{CDF0DCBB-0997-EC8B-AB57-AA3C2E6CE8FC}.Debug|Any CPU.ActiveCfg = Debug|Any CPU
		{CDF0DCBB-0997-EC8B-AB57-AA3C2E6CE8FC}.Debug|Any CPU.Build.0 = Debug|Any CPU
		{CDF0DCBB-0997-EC8B-AB57-AA3C2E6CE8FC}.Release|Any CPU.ActiveCfg = Release|Any CPU
		{CDF0DCBB-0997-EC8B-AB57-AA3C2E6CE8FC}.Release|Any CPU.Build.0 = Release|Any CPU
		{0B32D449-55ED-31FF-ABA1-0DC5BC826B0B}.Debug|Any CPU.ActiveCfg = Debug|Any CPU
		{0B32D449-55ED-31FF-ABA1-0DC5BC826B0B}.Debug|Any CPU.Build.0 = Debug|Any CPU
		{0B32D449-55ED-31FF-ABA1-0DC5BC826B0B}.Release|Any CPU.ActiveCfg = Release|Any CPU
		{0B32D449-55ED-31FF-ABA1-0DC5BC826B0B}.Release|Any CPU.Build.0 = Release|Any CPU
		{DC7C6854-2831-65A2-F9AC-B2DC1AF2D124}.Debug|Any CPU.ActiveCfg = Debug|Any CPU
		{DC7C6854-2831-65A2-F9AC-B2DC1AF2D124}.Debug|Any CPU.Build.0 = Debug|Any CPU
		{DC7C6854-2831-65A2-F9AC-B2DC1AF2D124}.Release|Any CPU.ActiveCfg = Release|Any CPU
		{DC7C6854-2831-65A2-F9AC-B2DC1AF2D124}.Release|Any CPU.Build.0 = Release|Any CPU
		{353B51D0-C3BA-6912-3074-E7014ABB447D}.Debug|Any CPU.ActiveCfg = Debug|Any CPU
		{353B51D0-C3BA-6912-3074-E7014ABB447D}.Debug|Any CPU.Build.0 = Debug|Any CPU
		{353B51D0-C3BA-6912-3074-E7014ABB447D}.Release|Any CPU.ActiveCfg = Release|Any CPU
		{353B51D0-C3BA-6912-3074-E7014ABB447D}.Release|Any CPU.Build.0 = Release|Any CPU
		{A0840462-6DEE-3A34-5DE8-EB2DDE1DE4B2}.Debug|Any CPU.ActiveCfg = Debug|Any CPU
		{A0840462-6DEE-3A34-5DE8-EB2DDE1DE4B2}.Debug|Any CPU.Build.0 = Debug|Any CPU
		{A0840462-6DEE-3A34-5DE8-EB2DDE1DE4B2}.Release|Any CPU.ActiveCfg = Release|Any CPU
		{A0840462-6DEE-3A34-5DE8-EB2DDE1DE4B2}.Release|Any CPU.Build.0 = Release|Any CPU
		{54413688-4DE7-BBA1-B674-56410CFF566E}.Debug|Any CPU.ActiveCfg = Debug|Any CPU
		{54413688-4DE7-BBA1-B674-56410CFF566E}.Debug|Any CPU.Build.0 = Debug|Any CPU
		{54413688-4DE7-BBA1-B674-56410CFF566E}.Release|Any CPU.ActiveCfg = Release|Any CPU
		{54413688-4DE7-BBA1-B674-56410CFF566E}.Release|Any CPU.Build.0 = Release|Any CPU
		{E9FAA588-1C12-7D29-A2D5-DB21C456C72A}.Debug|Any CPU.ActiveCfg = Debug|Any CPU
		{E9FAA588-1C12-7D29-A2D5-DB21C456C72A}.Debug|Any CPU.Build.0 = Debug|Any CPU
		{E9FAA588-1C12-7D29-A2D5-DB21C456C72A}.Release|Any CPU.ActiveCfg = Release|Any CPU
		{E9FAA588-1C12-7D29-A2D5-DB21C456C72A}.Release|Any CPU.Build.0 = Release|Any CPU
		{36E18861-0A84-1C29-A14D-5A73AEB6F1C6}.Debug|Any CPU.ActiveCfg = Debug|Any CPU
		{36E18861-0A84-1C29-A14D-5A73AEB6F1C6}.Debug|Any CPU.Build.0 = Debug|Any CPU
		{36E18861-0A84-1C29-A14D-5A73AEB6F1C6}.Release|Any CPU.ActiveCfg = Release|Any CPU
		{36E18861-0A84-1C29-A14D-5A73AEB6F1C6}.Release|Any CPU.Build.0 = Release|Any CPU
		{024DCD70-06DA-100F-5442-ADBB2277D43D}.Debug|Any CPU.ActiveCfg = Debug|Any CPU
		{024DCD70-06DA-100F-5442-ADBB2277D43D}.Debug|Any CPU.Build.0 = Debug|Any CPU
		{024DCD70-06DA-100F-5442-ADBB2277D43D}.Release|Any CPU.ActiveCfg = Release|Any CPU
		{024DCD70-06DA-100F-5442-ADBB2277D43D}.Release|Any CPU.Build.0 = Release|Any CPU
		{614F31F1-52D2-6C1E-B8C6-19286165FB7A}.Debug|Any CPU.ActiveCfg = Debug|Any CPU
		{614F31F1-52D2-6C1E-B8C6-19286165FB7A}.Debug|Any CPU.Build.0 = Debug|Any CPU
		{614F31F1-52D2-6C1E-B8C6-19286165FB7A}.Release|Any CPU.ActiveCfg = Release|Any CPU
		{614F31F1-52D2-6C1E-B8C6-19286165FB7A}.Release|Any CPU.Build.0 = Release|Any CPU
		{7F5DD03D-5745-E0D9-169C-2CB8474AD25F}.Debug|Any CPU.ActiveCfg = Debug|Any CPU
		{7F5DD03D-5745-E0D9-169C-2CB8474AD25F}.Debug|Any CPU.Build.0 = Debug|Any CPU
		{7F5DD03D-5745-E0D9-169C-2CB8474AD25F}.Release|Any CPU.ActiveCfg = Release|Any CPU
		{7F5DD03D-5745-E0D9-169C-2CB8474AD25F}.Release|Any CPU.Build.0 = Release|Any CPU
		{068363BE-949A-834A-4483-05D451E94234}.Debug|Any CPU.ActiveCfg = Debug|Any CPU
		{068363BE-949A-834A-4483-05D451E94234}.Debug|Any CPU.Build.0 = Debug|Any CPU
		{068363BE-949A-834A-4483-05D451E94234}.Release|Any CPU.ActiveCfg = Release|Any CPU
		{068363BE-949A-834A-4483-05D451E94234}.Release|Any CPU.Build.0 = Release|Any CPU
		{6C2815D2-02F1-3BC5-106D-11217FC05966}.Debug|Any CPU.ActiveCfg = Debug|Any CPU
		{6C2815D2-02F1-3BC5-106D-11217FC05966}.Debug|Any CPU.Build.0 = Debug|Any CPU
		{6C2815D2-02F1-3BC5-106D-11217FC05966}.Release|Any CPU.ActiveCfg = Release|Any CPU
		{6C2815D2-02F1-3BC5-106D-11217FC05966}.Release|Any CPU.Build.0 = Release|Any CPU
		{9B350427-4B0F-5897-CD78-F794C47F7275}.Debug|Any CPU.ActiveCfg = Debug|Any CPU
		{9B350427-4B0F-5897-CD78-F794C47F7275}.Debug|Any CPU.Build.0 = Debug|Any CPU
		{9B350427-4B0F-5897-CD78-F794C47F7275}.Release|Any CPU.ActiveCfg = Release|Any CPU
		{9B350427-4B0F-5897-CD78-F794C47F7275}.Release|Any CPU.Build.0 = Release|Any CPU
		{85705A1C-A2B6-0FAC-B246-11826E83FB24}.Debug|Any CPU.ActiveCfg = Debug|Any CPU
		{85705A1C-A2B6-0FAC-B246-11826E83FB24}.Debug|Any CPU.Build.0 = Debug|Any CPU
		{85705A1C-A2B6-0FAC-B246-11826E83FB24}.Release|Any CPU.ActiveCfg = Release|Any CPU
		{85705A1C-A2B6-0FAC-B246-11826E83FB24}.Release|Any CPU.Build.0 = Release|Any CPU
		{477E29AF-8EF4-5EAF-5223-5736F2098CFA}.Debug|Any CPU.ActiveCfg = Debug|Any CPU
		{477E29AF-8EF4-5EAF-5223-5736F2098CFA}.Debug|Any CPU.Build.0 = Debug|Any CPU
		{477E29AF-8EF4-5EAF-5223-5736F2098CFA}.Release|Any CPU.ActiveCfg = Release|Any CPU
		{477E29AF-8EF4-5EAF-5223-5736F2098CFA}.Release|Any CPU.Build.0 = Release|Any CPU
		{4D178ED3-A6AE-222B-62F0-7486F04B9376}.Debug|Any CPU.ActiveCfg = Debug|Any CPU
		{4D178ED3-A6AE-222B-62F0-7486F04B9376}.Debug|Any CPU.Build.0 = Debug|Any CPU
		{4D178ED3-A6AE-222B-62F0-7486F04B9376}.Release|Any CPU.ActiveCfg = Release|Any CPU
		{4D178ED3-A6AE-222B-62F0-7486F04B9376}.Release|Any CPU.Build.0 = Release|Any CPU
		{F25616EA-D46D-312E-F2EB-E6FC9CDBCF37}.Debug|Any CPU.ActiveCfg = Debug|Any CPU
		{F25616EA-D46D-312E-F2EB-E6FC9CDBCF37}.Debug|Any CPU.Build.0 = Debug|Any CPU
		{F25616EA-D46D-312E-F2EB-E6FC9CDBCF37}.Release|Any CPU.ActiveCfg = Release|Any CPU
		{F25616EA-D46D-312E-F2EB-E6FC9CDBCF37}.Release|Any CPU.Build.0 = Release|Any CPU
		{2F5CAA43-C60D-674F-BE60-0145947FA05E}.Debug|Any CPU.ActiveCfg = Debug|Any CPU
		{2F5CAA43-C60D-674F-BE60-0145947FA05E}.Debug|Any CPU.Build.0 = Debug|Any CPU
		{2F5CAA43-C60D-674F-BE60-0145947FA05E}.Release|Any CPU.ActiveCfg = Release|Any CPU
		{2F5CAA43-C60D-674F-BE60-0145947FA05E}.Release|Any CPU.Build.0 = Release|Any CPU
		{7922AFCE-4785-D5C6-1058-C23B5DBE988E}.Debug|Any CPU.ActiveCfg = Debug|Any CPU
		{7922AFCE-4785-D5C6-1058-C23B5DBE988E}.Debug|Any CPU.Build.0 = Debug|Any CPU
		{7922AFCE-4785-D5C6-1058-C23B5DBE988E}.Release|Any CPU.ActiveCfg = Release|Any CPU
		{7922AFCE-4785-D5C6-1058-C23B5DBE988E}.Release|Any CPU.Build.0 = Release|Any CPU
		{509B298F-16E6-7BA8-EEE6-27126D7EC3F0}.Debug|Any CPU.ActiveCfg = Debug|Any CPU
		{509B298F-16E6-7BA8-EEE6-27126D7EC3F0}.Debug|Any CPU.Build.0 = Debug|Any CPU
		{509B298F-16E6-7BA8-EEE6-27126D7EC3F0}.Release|Any CPU.ActiveCfg = Release|Any CPU
		{509B298F-16E6-7BA8-EEE6-27126D7EC3F0}.Release|Any CPU.Build.0 = Release|Any CPU
		{2D4B2768-8C15-074D-0A49-5DC86F570E73}.Debug|Any CPU.ActiveCfg = Debug|Any CPU
		{2D4B2768-8C15-074D-0A49-5DC86F570E73}.Debug|Any CPU.Build.0 = Debug|Any CPU
		{2D4B2768-8C15-074D-0A49-5DC86F570E73}.Release|Any CPU.ActiveCfg = Release|Any CPU
		{2D4B2768-8C15-074D-0A49-5DC86F570E73}.Release|Any CPU.Build.0 = Release|Any CPU
		{9A1E6620-077A-19BD-9202-23D7EEF5C93B}.Debug|Any CPU.ActiveCfg = Debug|Any CPU
		{9A1E6620-077A-19BD-9202-23D7EEF5C93B}.Debug|Any CPU.Build.0 = Debug|Any CPU
		{9A1E6620-077A-19BD-9202-23D7EEF5C93B}.Release|Any CPU.ActiveCfg = Release|Any CPU
		{9A1E6620-077A-19BD-9202-23D7EEF5C93B}.Release|Any CPU.Build.0 = Release|Any CPU
		{D70033FE-8E76-02A9-3AF8-63E9836DFC24}.Debug|Any CPU.ActiveCfg = Debug|Any CPU
		{D70033FE-8E76-02A9-3AF8-63E9836DFC24}.Debug|Any CPU.Build.0 = Debug|Any CPU
		{D70033FE-8E76-02A9-3AF8-63E9836DFC24}.Release|Any CPU.ActiveCfg = Release|Any CPU
		{D70033FE-8E76-02A9-3AF8-63E9836DFC24}.Release|Any CPU.Build.0 = Release|Any CPU
		{8A89AA7B-7246-CB3C-E140-0B77C06481BA}.Debug|Any CPU.ActiveCfg = Debug|Any CPU
		{8A89AA7B-7246-CB3C-E140-0B77C06481BA}.Debug|Any CPU.Build.0 = Debug|Any CPU
		{8A89AA7B-7246-CB3C-E140-0B77C06481BA}.Release|Any CPU.ActiveCfg = Release|Any CPU
		{8A89AA7B-7246-CB3C-E140-0B77C06481BA}.Release|Any CPU.Build.0 = Release|Any CPU
		{C08D9571-CE0B-EA03-D45F-01CBE3B2F287}.Debug|Any CPU.ActiveCfg = Debug|Any CPU
		{C08D9571-CE0B-EA03-D45F-01CBE3B2F287}.Debug|Any CPU.Build.0 = Debug|Any CPU
		{C08D9571-CE0B-EA03-D45F-01CBE3B2F287}.Release|Any CPU.ActiveCfg = Release|Any CPU
		{C08D9571-CE0B-EA03-D45F-01CBE3B2F287}.Release|Any CPU.Build.0 = Release|Any CPU
		{B2E89AC5-F0F8-2C3B-3745-D52B958CF505}.Debug|Any CPU.ActiveCfg = Debug|Any CPU
		{B2E89AC5-F0F8-2C3B-3745-D52B958CF505}.Debug|Any CPU.Build.0 = Debug|Any CPU
		{B2E89AC5-F0F8-2C3B-3745-D52B958CF505}.Release|Any CPU.ActiveCfg = Release|Any CPU
		{B2E89AC5-F0F8-2C3B-3745-D52B958CF505}.Release|Any CPU.Build.0 = Release|Any CPU
		{A42D5CC6-500A-5B12-73B4-DD82AD9EEB60}.Debug|Any CPU.ActiveCfg = Debug|Any CPU
		{A42D5CC6-500A-5B12-73B4-DD82AD9EEB60}.Debug|Any CPU.Build.0 = Debug|Any CPU
		{A42D5CC6-500A-5B12-73B4-DD82AD9EEB60}.Release|Any CPU.ActiveCfg = Release|Any CPU
		{A42D5CC6-500A-5B12-73B4-DD82AD9EEB60}.Release|Any CPU.Build.0 = Release|Any CPU
		{226B1B54-4329-B785-2DAF-5BFA07ABD679}.Debug|Any CPU.ActiveCfg = Debug|Any CPU
		{226B1B54-4329-B785-2DAF-5BFA07ABD679}.Debug|Any CPU.Build.0 = Debug|Any CPU
		{226B1B54-4329-B785-2DAF-5BFA07ABD679}.Release|Any CPU.ActiveCfg = Release|Any CPU
		{226B1B54-4329-B785-2DAF-5BFA07ABD679}.Release|Any CPU.Build.0 = Release|Any CPU
		{6A9C7887-D708-2230-CD84-41EF4004F97A}.Debug|Any CPU.ActiveCfg = Debug|Any CPU
		{6A9C7887-D708-2230-CD84-41EF4004F97A}.Debug|Any CPU.Build.0 = Debug|Any CPU
		{6A9C7887-D708-2230-CD84-41EF4004F97A}.Release|Any CPU.ActiveCfg = Release|Any CPU
		{6A9C7887-D708-2230-CD84-41EF4004F97A}.Release|Any CPU.Build.0 = Release|Any CPU
		{73AFEE25-6A67-B6AC-2AF7-4F5A9AF6F500}.Debug|Any CPU.ActiveCfg = Debug|Any CPU
		{73AFEE25-6A67-B6AC-2AF7-4F5A9AF6F500}.Debug|Any CPU.Build.0 = Debug|Any CPU
		{73AFEE25-6A67-B6AC-2AF7-4F5A9AF6F500}.Release|Any CPU.ActiveCfg = Release|Any CPU
		{73AFEE25-6A67-B6AC-2AF7-4F5A9AF6F500}.Release|Any CPU.Build.0 = Release|Any CPU
		{A341BF20-3CBC-EABA-02CC-26D82FAEB330}.Debug|Any CPU.ActiveCfg = Debug|Any CPU
		{A341BF20-3CBC-EABA-02CC-26D82FAEB330}.Debug|Any CPU.Build.0 = Debug|Any CPU
		{A341BF20-3CBC-EABA-02CC-26D82FAEB330}.Release|Any CPU.ActiveCfg = Release|Any CPU
		{A341BF20-3CBC-EABA-02CC-26D82FAEB330}.Release|Any CPU.Build.0 = Release|Any CPU
		{AA63E081-5089-C0A3-74DC-A89AC3E82C96}.Debug|Any CPU.ActiveCfg = Debug|Any CPU
		{AA63E081-5089-C0A3-74DC-A89AC3E82C96}.Debug|Any CPU.Build.0 = Debug|Any CPU
		{AA63E081-5089-C0A3-74DC-A89AC3E82C96}.Release|Any CPU.ActiveCfg = Release|Any CPU
		{AA63E081-5089-C0A3-74DC-A89AC3E82C96}.Release|Any CPU.Build.0 = Release|Any CPU
		{F1D90908-D489-1955-2642-AD9D9B9C99A6}.Debug|Any CPU.ActiveCfg = Debug|Any CPU
		{F1D90908-D489-1955-2642-AD9D9B9C99A6}.Debug|Any CPU.Build.0 = Debug|Any CPU
		{F1D90908-D489-1955-2642-AD9D9B9C99A6}.Release|Any CPU.ActiveCfg = Release|Any CPU
		{F1D90908-D489-1955-2642-AD9D9B9C99A6}.Release|Any CPU.Build.0 = Release|Any CPU
		{E10132F4-09F4-001F-8DAA-3CF021F80E8D}.Debug|Any CPU.ActiveCfg = Debug|Any CPU
		{E10132F4-09F4-001F-8DAA-3CF021F80E8D}.Debug|Any CPU.Build.0 = Debug|Any CPU
		{E10132F4-09F4-001F-8DAA-3CF021F80E8D}.Release|Any CPU.ActiveCfg = Release|Any CPU
		{E10132F4-09F4-001F-8DAA-3CF021F80E8D}.Release|Any CPU.Build.0 = Release|Any CPU
		{FE3FE851-476E-42A6-01CB-E4662B99C87A}.Debug|Any CPU.ActiveCfg = Debug|Any CPU
		{FE3FE851-476E-42A6-01CB-E4662B99C87A}.Debug|Any CPU.Build.0 = Debug|Any CPU
		{FE3FE851-476E-42A6-01CB-E4662B99C87A}.Release|Any CPU.ActiveCfg = Release|Any CPU
		{FE3FE851-476E-42A6-01CB-E4662B99C87A}.Release|Any CPU.Build.0 = Release|Any CPU
		{3285BD25-005F-B913-A3DB-C78DBD9FBA28}.Debug|Any CPU.ActiveCfg = Debug|Any CPU
		{3285BD25-005F-B913-A3DB-C78DBD9FBA28}.Debug|Any CPU.Build.0 = Debug|Any CPU
		{3285BD25-005F-B913-A3DB-C78DBD9FBA28}.Release|Any CPU.ActiveCfg = Release|Any CPU
		{3285BD25-005F-B913-A3DB-C78DBD9FBA28}.Release|Any CPU.Build.0 = Release|Any CPU
		{F90A69A2-F099-97D7-1A6D-2F77107C1415}.Debug|Any CPU.ActiveCfg = Debug|Any CPU
		{F90A69A2-F099-97D7-1A6D-2F77107C1415}.Debug|Any CPU.Build.0 = Debug|Any CPU
		{F90A69A2-F099-97D7-1A6D-2F77107C1415}.Release|Any CPU.ActiveCfg = Release|Any CPU
		{F90A69A2-F099-97D7-1A6D-2F77107C1415}.Release|Any CPU.Build.0 = Release|Any CPU
		{1C9C7672-1233-2A0E-E2C2-49A127105170}.Debug|Any CPU.ActiveCfg = Debug|Any CPU
		{1C9C7672-1233-2A0E-E2C2-49A127105170}.Debug|Any CPU.Build.0 = Debug|Any CPU
		{1C9C7672-1233-2A0E-E2C2-49A127105170}.Release|Any CPU.ActiveCfg = Release|Any CPU
		{1C9C7672-1233-2A0E-E2C2-49A127105170}.Release|Any CPU.Build.0 = Release|Any CPU
		{6224A042-7025-CCB0-0DDC-6DF97E12D687}.Debug|Any CPU.ActiveCfg = Debug|Any CPU
		{6224A042-7025-CCB0-0DDC-6DF97E12D687}.Debug|Any CPU.Build.0 = Debug|Any CPU
		{6224A042-7025-CCB0-0DDC-6DF97E12D687}.Release|Any CPU.ActiveCfg = Release|Any CPU
		{6224A042-7025-CCB0-0DDC-6DF97E12D687}.Release|Any CPU.Build.0 = Release|Any CPU
		{4AB9FF06-7561-94A6-8441-94DD1A0116E3}.Debug|Any CPU.ActiveCfg = Debug|Any CPU
		{4AB9FF06-7561-94A6-8441-94DD1A0116E3}.Debug|Any CPU.Build.0 = Debug|Any CPU
		{4AB9FF06-7561-94A6-8441-94DD1A0116E3}.Release|Any CPU.ActiveCfg = Release|Any CPU
		{4AB9FF06-7561-94A6-8441-94DD1A0116E3}.Release|Any CPU.Build.0 = Release|Any CPU
		{2D8788DA-DB19-A2A6-34CF-7DBCC2A3C93E}.Debug|Any CPU.ActiveCfg = Debug|Any CPU
		{2D8788DA-DB19-A2A6-34CF-7DBCC2A3C93E}.Debug|Any CPU.Build.0 = Debug|Any CPU
		{2D8788DA-DB19-A2A6-34CF-7DBCC2A3C93E}.Release|Any CPU.ActiveCfg = Release|Any CPU
		{2D8788DA-DB19-A2A6-34CF-7DBCC2A3C93E}.Release|Any CPU.Build.0 = Release|Any CPU
		{E40A6831-C40A-6430-E86C-7C5822CA59EB}.Debug|Any CPU.ActiveCfg = Debug|Any CPU
		{E40A6831-C40A-6430-E86C-7C5822CA59EB}.Debug|Any CPU.Build.0 = Debug|Any CPU
		{E40A6831-C40A-6430-E86C-7C5822CA59EB}.Release|Any CPU.ActiveCfg = Release|Any CPU
		{E40A6831-C40A-6430-E86C-7C5822CA59EB}.Release|Any CPU.Build.0 = Release|Any CPU
		{9983B373-39DF-EB09-B0D4-EA3057D89E54}.Debug|Any CPU.ActiveCfg = Debug|Any CPU
		{9983B373-39DF-EB09-B0D4-EA3057D89E54}.Debug|Any CPU.Build.0 = Debug|Any CPU
		{9983B373-39DF-EB09-B0D4-EA3057D89E54}.Release|Any CPU.ActiveCfg = Release|Any CPU
		{9983B373-39DF-EB09-B0D4-EA3057D89E54}.Release|Any CPU.Build.0 = Release|Any CPU
		{FDB96F2C-036B-9CDE-6FA4-F4F423B7DD17}.Debug|Any CPU.ActiveCfg = Debug|Any CPU
		{FDB96F2C-036B-9CDE-6FA4-F4F423B7DD17}.Debug|Any CPU.Build.0 = Debug|Any CPU
		{FDB96F2C-036B-9CDE-6FA4-F4F423B7DD17}.Release|Any CPU.ActiveCfg = Release|Any CPU
		{FDB96F2C-036B-9CDE-6FA4-F4F423B7DD17}.Release|Any CPU.Build.0 = Release|Any CPU
	EndGlobalSection
	GlobalSection(SolutionProperties) = preSolution
		HideSolutionNode = FALSE
	EndGlobalSection
	GlobalSection(ExtensibilityGlobals) = postSolution
		SolutionGuid = {21D49D3E-D295-4E0C-B28C-DF3A41A6D6C3}
	EndGlobalSection
EndGlobal
